
Microsoft Visual Studio Solution File, Format Version 12.00
# Visual Studio Version 17
VisualStudioVersion = 17.9.34622.214
MinimumVisualStudioVersion = 10.0.40219.1
Project("{FAE04EC0-301F-11D3-BF4B-00C04F79EFBC}") = "Война", "Война\Война.csproj", "{8948FEA9-8A78-4903-B06C-1F3FF11CCDC0}"
EndProject
Global
	GlobalSection(SolutionConfigurationPlatforms) = preSolution
		Debug|Any CPU = Debug|Any CPU
		Release|Any CPU = Release|Any CPU
	EndGlobalSection
	GlobalSection(ProjectConfigurationPlatforms) = postSolution
		{8948FEA9-8A78-4903-B06C-1F3FF11CCDC0}.Debug|Any CPU.ActiveCfg = Debug|Any CPU
		{8948FEA9-8A78-4903-B06C-1F3FF11CCDC0}.Debug|Any CPU.Build.0 = Debug|Any CPU
		{8948FEA9-8A78-4903-B06C-1F3FF11CCDC0}.Release|Any CPU.ActiveCfg = Release|Any CPU
		{8948FEA9-8A78-4903-B06C-1F3FF11CCDC0}.Release|Any CPU.Build.0 = Release|Any CPU
	EndGlobalSection
	GlobalSection(SolutionProperties) = preSolution
		HideSolutionNode = FALSE
	EndGlobalSection
	GlobalSection(ExtensibilityGlobals) = postSolution
		SolutionGuid = {18ADE26D-A5BB-42E6-A675-CF9F11CCFCB0}
	EndGlobalSection
EndGlobal
